PODS:
  - Alamofire (3.1.5)
  - Fuzi (0.3.0)
  - Kanna (1.0.2)

DEPENDENCIES:
  - Alamofire
  - Fuzi (~> 0.3.0)
  - Kanna (= 1.0.2)

SPEC CHECKSUMS:
  Alamofire: 5f730ba29fd113b7ddd71c1e65d0c630acf5d7b0
  Fuzi: 4725b8743f0a92100108e013347bf32ca80d93a1
  Kanna: 059afb193a9f8ea34f46cb55a8b11bf4257efad8

COCOAPODS: 0.39.0
